# This file is automatically @generated by Cargo.
# It is not intended for manual editing.
version = 4

[[package]]
name = "fwd-c"
version = "0.1.1"
dependencies = [
 "windows-targets",
]

[[package]]
name = "fwd-w"
version = "0.1.1"
dependencies = [
 "windows-targets",
]

[[package]]
name = "windows-targets"
version = "0.0.0"
